# This file was autogenerated by Stack.
# You should not edit this file by hand.
# For more information, please see the documentation at:
#   https://docs.haskellstack.org/en/stable/lock_files

packages:
- completed:
    hackage: netlink-1.1.1.0@sha256:d83424b5ba9921191449e4b1f53c7cba7f4375f2c55a9b737c77e982e1f40d00,3689
    pantry-tree:
      size: 1598
      sha256: 42a57a2db0d8b44e04a04905ed56994b7293d2f244595bf3e65480c36d114ac3
  original:
    hackage: netlink-1.1.1.0@sha256:d83424b5ba9921191449e4b1f53c7cba7f4375f2c55a9b737c77e982e1f40d00,3689
- completed:
    hackage: timezone-olson-0.2.0@sha256:ac8d47ae62855370eb50213986aeb718fa7ad5dba3309269b3124347f46fdefa,2315
    pantry-tree:
      size: 634
      sha256: 93154a07b7a331b9978703a339b6d2d045332b283c7e17e393a0e6abce76036c
  original:
    hackage: timezone-olson-0.2.0@sha256:ac8d47ae62855370eb50213986aeb718fa7ad5dba3309269b3124347f46fdefa,2315
snapshots:
- completed:
    size: 524789
    url: https://raw.githubusercontent.com/commercialhaskell/stackage-snapshots/master/lts/14/8.yaml
    sha256: 8af5eb80734f02621d37e82cc0cde614af2ddc9c320610acb0b1b6d9ac162930
  original: lts-14.8
